
Microsoft Visual Studio Solution File, Format Version 12.00
# Visual Studio Version 17
VisualStudioVersion = 17.11.35222.181
MinimumVisualStudioVersion = 10.0.40219.1
Project("{FAE04EC0-301F-11D3-BF4B-00C04F79EFBC}") = "pr5var5", "pr5var5\pr5var5.csproj", "{A91BEEB4-0B67-4EDC-A38D-A42AAB190EDE}"
EndProject
Global
	GlobalSection(SolutionConfigurationPlatforms) = preSolution
		Debug|Any CPU = Debug|Any CPU
		Release|Any CPU = Release|Any CPU
	EndGlobalSection
	GlobalSection(ProjectConfigurationPlatforms) = postSolution
		{A91BEEB4-0B67-4EDC-A38D-A42AAB190EDE}.Debug|Any CPU.ActiveCfg = Debug|Any CPU
		{A91BEEB4-0B67-4EDC-A38D-A42AAB190EDE}.Debug|Any CPU.Build.0 = Debug|Any CPU
		{A91BEEB4-0B67-4EDC-A38D-A42AAB190EDE}.Release|Any CPU.ActiveCfg = Release|Any CPU
		{A91BEEB4-0B67-4EDC-A38D-A42AAB190EDE}.Release|Any CPU.Build.0 = Release|Any CPU
	EndGlobalSection
	GlobalSection(SolutionProperties) = preSolution
		HideSolutionNode = FALSE
	EndGlobalSection
	GlobalSection(ExtensibilityGlobals) = postSolution
		SolutionGuid = {19CE4D8F-6C14-425A-A28F-95ED3341B705}
	EndGlobalSection
EndGlobal
